
Microsoft Visual Studio Solution File, Format Version 12.00
Project("{FAE04EC0-301F-11D3-BF4B-00C04F79EFBC}") = "Products.API", "src\Products.API\Products.API.csproj", "{222D1978-410A-477D-B5FB-344493152DC8}"
EndProject
Project("{FAE04EC0-301F-11D3-BF4B-00C04F79EFBC}") = "Users.API", "src\Users.API\Users.API.csproj", "{AE7AFE19-23A2-453F-AED3-E43DB39AE19B}"
EndProject
Project("{FAE04EC0-301F-11D3-BF4B-00C04F79EFBC}") = "Orders.API", "src\Orders.API\Orders.API.csproj", "{ED87820C-BA53-4FBF-8A35-838D9E1B23B6}"
EndProject
Project("{FAE04EC0-301F-11D3-BF4B-00C04F79EFBC}") = "Cart.API", "src\Cart.API\Cart.API.csproj", "{AC078BAB-54D7-4B9C-9A97-711174AFC2F6}"
EndProject
Project("{FAE04EC0-301F-11D3-BF4B-00C04F79EFBC}") = "Notifications.API", "src\Notifications.API\Notifications.API.csproj", "{5043778D-1C40-4587-8B9E-8398054D0B27}"
EndProject
Project("{2150E333-8FDC-42A3-9474-1A3956D46DE8}") = "tests", "tests", "{0AB3BF05-4346-4AA6-1389-037BE0695223}"
EndProject
Project("{FAE04EC0-301F-11D3-BF4B-00C04F79EFBC}") = "Products.API.Tests", "tests\Products.API.Tests\Products.API.Tests.csproj", "{B7DFAE73-DA6A-46AB-AAB5-38603E1E64C1}"
EndProject
Global
	GlobalSection(SolutionConfigurationPlatforms) = preSolution
		Debug|Any CPU = Debug|Any CPU
		Debug|x64 = Debug|x64
		Debug|x86 = Debug|x86
		Release|Any CPU = Release|Any CPU
		Release|x64 = Release|x64
		Release|x86 = Release|x86
	EndGlobalSection
	GlobalSection(ProjectConfigurationPlatforms) = postSolution
		{222D1978-410A-477D-B5FB-344493152DC8}.Debug|Any CPU.ActiveCfg = Debug|Any CPU
		{222D1978-410A-477D-B5FB-344493152DC8}.Debug|Any CPU.Build.0 = Debug|Any CPU
		{222D1978-410A-477D-B5FB-344493152DC8}.Debug|x64.ActiveCfg = Debug|Any CPU
		{222D1978-410A-477D-B5FB-344493152DC8}.Debug|x64.Build.0 = Debug|Any CPU
		{222D1978-410A-477D-B5FB-344493152DC8}.Debug|x86.ActiveCfg = Debug|Any CPU
		{222D1978-410A-477D-B5FB-344493152DC8}.Debug|x86.Build.0 = Debug|Any CPU
		{222D1978-410A-477D-B5FB-344493152DC8}.Release|Any CPU.ActiveCfg = Release|Any CPU
		{222D1978-410A-477D-B5FB-344493152DC8}.Release|Any CPU.Build.0 = Release|Any CPU
		{222D1978-410A-477D-B5FB-344493152DC8}.Release|x64.ActiveCfg = Release|Any CPU
		{222D1978-410A-477D-B5FB-344493152DC8}.Release|x64.Build.0 = Release|Any CPU
		{222D1978-410A-477D-B5FB-344493152DC8}.Release|x86.ActiveCfg = Release|Any CPU
		{222D1978-410A-477D-B5FB-344493152DC8}.Release|x86.Build.0 = Release|Any CPU
		{AE7AFE19-23A2-453F-AED3-E43DB39AE19B}.Debug|Any CPU.ActiveCfg = Debug|Any CPU
		{AE7AFE19-23A2-453F-AED3-E43DB39AE19B}.Debug|Any CPU.Build.0 = Debug|Any CPU
		{AE7AFE19-23A2-453F-AED3-E43DB39AE19B}.Debug|x64.ActiveCfg = Debug|Any CPU
		{AE7AFE19-23A2-453F-AED3-E43DB39AE19B}.Debug|x64.Build.0 = Debug|Any CPU
		{AE7AFE19-23A2-453F-AED3-E43DB39AE19B}.Debug|x86.ActiveCfg = Debug|Any CPU
		{AE7AFE19-23A2-453F-AED3-E43DB39AE19B}.Debug|x86.Build.0 = Debug|Any CPU
		{AE7AFE19-23A2-453F-AED3-E43DB39AE19B}.Release|Any CPU.ActiveCfg = Release|Any CPU
		{AE7AFE19-23A2-453F-AED3-E43DB39AE19B}.Release|Any CPU.Build.0 = Release|Any CPU
		{AE7AFE19-23A2-453F-AED3-E43DB39AE19B}.Release|x64.ActiveCfg = Release|Any CPU
		{AE7AFE19-23A2-453F-AED3-E43DB39AE19B}.Release|x64.Build.0 = Release|Any CPU
		{AE7AFE19-23A2-453F-AED3-E43DB39AE19B}.Release|x86.ActiveCfg = Release|Any CPU
		{AE7AFE19-23A2-453F-AED3-E43DB39AE19B}.Release|x86.Build.0 = Release|Any CPU
		{ED87820C-BA53-4FBF-8A35-838D9E1B23B6}.Debug|Any CPU.ActiveCfg = Debug|Any CPU
		{ED87820C-BA53-4FBF-8A35-838D9E1B23B6}.Debug|Any CPU.Build.0 = Debug|Any CPU
		{ED87820C-BA53-4FBF-8A35-838D9E1B23B6}.Debug|x64.ActiveCfg = Debug|Any CPU
		{ED87820C-BA53-4FBF-8A35-838D9E1B23B6}.Debug|x64.Build.0 = Debug|Any CPU
		{ED87820C-BA53-4FBF-8A35-838D9E1B23B6}.Debug|x86.ActiveCfg = Debug|Any CPU
		{ED87820C-BA53-4FBF-8A35-838D9E1B23B6}.Debug|x86.Build.0 = Debug|Any CPU
		{ED87820C-BA53-4FBF-8A35-838D9E1B23B6}.Release|Any CPU.ActiveCfg = Release|Any CPU
		{ED87820C-BA53-4FBF-8A35-838D9E1B23B6}.Release|Any CPU.Build.0 = Release|Any CPU
		{ED87820C-BA53-4FBF-8A35-838D9E1B23B6}.Release|x64.ActiveCfg = Release|Any CPU
		{ED87820C-BA53-4FBF-8A35-838D9E1B23B6}.Release|x64.Build.0 = Release|Any CPU
		{ED87820C-BA53-4FBF-8A35-838D9E1B23B6}.Release|x86.ActiveCfg = Release|Any CPU
		{ED87820C-BA53-4FBF-8A35-838D9E1B23B6}.Release|x86.Build.0 = Release|Any CPU
		{AC078BAB-54D7-4B9C-9A97-711174AFC2F6}.Debug|Any CPU.ActiveCfg = Debug|Any CPU
		{AC078BAB-54D7-4B9C-9A97-711174AFC2F6}.Debug|Any CPU.Build.0 = Debug|Any CPU
		{AC078BAB-54D7-4B9C-9A97-711174AFC2F6}.Debug|x64.ActiveCfg = Debug|Any CPU
		{AC078BAB-54D7-4B9C-9A97-711174AFC2F6}.Debug|x64.Build.0 = Debug|Any CPU
		{AC078BAB-54D7-4B9C-9A97-711174AFC2F6}.Debug|x86.ActiveCfg = Debug|Any CPU
		{AC078BAB-54D7-4B9C-9A97-711174AFC2F6}.Debug|x86.Build.0 = Debug|Any CPU
		{AC078BAB-54D7-4B9C-9A97-711174AFC2F6}.Release|Any CPU.ActiveCfg = Release|Any CPU
		{AC078BAB-54D7-4B9C-9A97-711174AFC2F6}.Release|Any CPU.Build.0 = Release|Any CPU
		{AC078BAB-54D7-4B9C-9A97-711174AFC2F6}.Release|x64.ActiveCfg = Release|Any CPU
		{AC078BAB-54D7-4B9C-9A97-711174AFC2F6}.Release|x64.Build.0 = Release|Any CPU
		{AC078BAB-54D7-4B9C-9A97-711174AFC2F6}.Release|x86.ActiveCfg = Release|Any CPU
		{AC078BAB-54D7-4B9C-9A97-711174AFC2F6}.Release|x86.Build.0 = Release|Any CPU
		{5043778D-1C40-4587-8B9E-8398054D0B27}.Debug|Any CPU.ActiveCfg = Debug|Any CPU
		{5043778D-1C40-4587-8B9E-8398054D0B27}.Debug|Any CPU.Build.0 = Debug|Any CPU
		{5043778D-1C40-4587-8B9E-8398054D0B27}.Debug|x64.ActiveCfg = Debug|Any CPU
		{5043778D-1C40-4587-8B9E-8398054D0B27}.Debug|x64.Build.0 = Debug|Any CPU
		{5043778D-1C40-4587-8B9E-8398054D0B27}.Debug|x86.ActiveCfg = Debug|Any CPU
		{5043778D-1C40-4587-8B9E-8398054D0B27}.Debug|x86.Build.0 = Debug|Any CPU
		{5043778D-1C40-4587-8B9E-8398054D0B27}.Release|Any CPU.ActiveCfg = Release|Any CPU
		{5043778D-1C40-4587-8B9E-8398054D0B27}.Release|Any CPU.Build.0 = Release|Any CPU
		{5043778D-1C40-4587-8B9E-8398054D0B27}.Release|x64.ActiveCfg = Release|Any CPU
		{5043778D-1C40-4587-8B9E-8398054D0B27}.Release|x64.Build.0 = Release|Any CPU
		{5043778D-1C40-4587-8B9E-8398054D0B27}.Release|x86.ActiveCfg = Release|Any CPU
		{5043778D-1C40-4587-8B9E-8398054D0B27}.Release|x86.Build.0 = Release|Any CPU
		{B7DFAE73-DA6A-46AB-AAB5-38603E1E64C1}.Debug|Any CPU.ActiveCfg = Debug|Any CPU
		{B7DFAE73-DA6A-46AB-AAB5-38603E1E64C1}.Debug|Any CPU.Build.0 = Debug|Any CPU
		{B7DFAE73-DA6A-46AB-AAB5-38603E1E64C1}.Debug|x64.ActiveCfg = Debug|Any CPU
		{B7DFAE73-DA6A-46AB-AAB5-38603E1E64C1}.Debug|x64.Build.0 = Debug|Any CPU
		{B7DFAE73-DA6A-46AB-AAB5-38603E1E64C1}.Debug|x86.ActiveCfg = Debug|Any CPU
		{B7DFAE73-DA6A-46AB-AAB5-38603E1E64C1}.Debug|x86.Build.0 = Debug|Any CPU
		{B7DFAE73-DA6A-46AB-AAB5-38603E1E64C1}.Release|Any CPU.ActiveCfg = Release|Any CPU
		{B7DFAE73-DA6A-46AB-AAB5-38603E1E64C1}.Release|Any CPU.Build.0 = Release|Any CPU
		{B7DFAE73-DA6A-46AB-AAB5-38603E1E64C1}.Release|x64.ActiveCfg = Release|Any CPU
		{B7DFAE73-DA6A-46AB-AAB5-38603E1E64C1}.Release|x64.Build.0 = Release|Any CPU
		{B7DFAE73-DA6A-46AB-AAB5-38603E1E64C1}.Release|x86.ActiveCfg = Release|Any CPU
		{B7DFAE73-DA6A-46AB-AAB5-38603E1E64C1}.Release|x86.Build.0 = Release|Any CPU
	EndGlobalSection
	GlobalSection(SolutionProperties) = preSolution
		HideSolutionNode = FALSE
	EndGlobalSection
	GlobalSection(NestedProjects) = preSolution
		{B7DFAE73-DA6A-46AB-AAB5-38603E1E64C1} = {0AB3BF05-4346-4AA6-1389-037BE0695223}
	EndGlobalSection
EndGlobal
